<?xml version="1.0" encoding="utf-8"?>
<Project ToolsVersion="4.0" xmlns="http://schemas.microsoft.com/developer/msbuild/2003">
  <ItemGroup>
    <Filter Include="Source Files">
      <UniqueIdentifier>{4FC737F1-C7A5-4376-A066-2A32D752A2FF}</UniqueIdentifier>
      <Extensions>cpp;c;cc;cxx;c++;cppm;ixx;def;odl;idl;hpj;bat;asm;asmx</Extensions>
    </Filter>
    <Filter Include="Header Files">
      <UniqueIdentifier>{93995380-89BD-4b04-88EB-625FBE52EBFB}</UniqueIdentifier>
      <Extensions>h;hh;hpp;hxx;h++;hm;inl;inc;ipp;xsd</Extensions>
    </Filter>
    <Filter Include="Resource Files">
      <UniqueIdentifier>{67DA6AB6-F800-4c08-8B7A-83BB121AAD01}</UniqueIdentifier>
      <Extensions>rc;ico;cur;bmp;dlg;rc2;rct;bin;rgs;gif;jpg;jpeg;jpe;resx;tiff;tif;png;wav;mfcribbon-ms</Extensions>
    </Filter>
  </ItemGroup>
  <ItemGroup>
    <ClCompile Include="main.cpp">
      <Filter>Source Files</Filter>
    </ClCompile>
    <ClCompile Include="parser\source\attributes\ConstantValueAttribute.cpp">
      <Filter>Source Files</Filter>
    </ClCompile>
    <ClCompile Include="parser\source\types\JavaClass.cpp">
      <Filter>Source Files</Filter>
    </ClCompile>
    <ClCompile Include="parser\source\utils\ConstantPool.cpp">
      <Filter>Source Files</Filter>
    </ClCompile>
    <ClCompile Include="parser\source\attributes\RuntimeAnnotationsAttribute.cpp">
      <Filter>Source Files</Filter>
    </ClCompile>
    <ClCompile Include="parser\source\attributes\AnnotationAttribute.cpp">
      <Filter>Source Files</Filter>
    </ClCompile>
    <ClCompile Include="parser\source\types\JavaAttribute.cpp">
      <Filter>Source Files</Filter>
    </ClCompile>
    <ClCompile Include="parser\source\types\JavaField.cpp">
      <Filter>Source Files</Filter>
    </ClCompile>
    <ClCompile Include="parser\source\types\JavaAnnotation.cpp">
      <Filter>Source Files</Filter>
    </ClCompile>
    <ClCompile Include="parser\source\attributes\CodeAttribute.cpp">
      <Filter>Source Files</Filter>
    </ClCompile>
    <ClCompile Include="parser\source\utils\AttributeReader.cpp">
      <Filter>Source Files</Filter>
    </ClCompile>
  </ItemGroup>
  <ItemGroup>
    <ClInclude Include="parser\header\defines.h">
      <Filter>Header Files</Filter>
    </ClInclude>
    <ClInclude Include="parser\header\attributes\ConstantValueAttribute.h">
      <Filter>Header Files</Filter>
    </ClInclude>
    <ClInclude Include="parser\header\attributes\JavaAttribute.h">
      <Filter>Header Files</Filter>
    </ClInclude>
    <ClInclude Include="parser\header\attributes\RuntimeAnnotationsAttribute.h">
      <Filter>Header Files</Filter>
    </ClInclude>
    <ClInclude Include="parser\header\types\JavaClass.h">
      <Filter>Header Files</Filter>
    </ClInclude>
    <ClInclude Include="parser\header\types\JavaField.h">
      <Filter>Header Files</Filter>
    </ClInclude>
    <ClInclude Include="parser\header\types\JavaMethod.h">
      <Filter>Header Files</Filter>
    </ClInclude>
    <ClInclude Include="parser\header\utils\ByteReader.h">
      <Filter>Header Files</Filter>
    </ClInclude>
    <ClInclude Include="parser\header\utils\ConstantPool.h">
      <Filter>Header Files</Filter>
    </ClInclude>
    <ClInclude Include="parser\header\types\JavaAnnotation.h">
      <Filter>Header Files</Filter>
    </ClInclude>
    <ClInclude Include="parser\header\attributes\AnnotationAttribute.h">
      <Filter>Header Files</Filter>
    </ClInclude>
    <ClInclude Include="parser\header\types\JavaType.h">
      <Filter>Header Files</Filter>
    </ClInclude>
    <ClInclude Include="parser\header\utils\ByteWriter.h">
      <Filter>Header Files</Filter>
    </ClInclude>
    <ClInclude Include="parser\header\attributes\CodeAttribute.h">
      <Filter>Header Files</Filter>
    </ClInclude>
    <ClInclude Include="parser\header\bytecode\Bytecode.h">
      <Filter>Header Files</Filter>
    </ClInclude>
    <ClInclude Include="parser\header\attributes\ParsedAttribute.h">
      <Filter>Header Files</Filter>
    </ClInclude>
    <ClInclude Include="parser\header\attributes\DeprecatedAttribute.h">
      <Filter>Header Files</Filter>
    </ClInclude>
    <ClInclude Include="parser\header\utils\FnvHash.h">
      <Filter>Header Files</Filter>
    </ClInclude>
    <ClInclude Include="parser\header\utils\AttributeReader.h">
      <Filter>Header Files</Filter>
    </ClInclude>
    <ClInclude Include="parser\header\utils\AttributeWriter.h">
      <Filter>Header Files</Filter>
    </ClInclude>
    <ClInclude Include="parser\header\types\AttributeHolder.h">
      <Filter>Header Files</Filter>
    </ClInclude>
  </ItemGroup>
</Project>